
Microsoft Visual Studio Solution File, Format Version 12.00
# Visual Studio 15
VisualStudioVersion = 15.0.27004.2009
MinimumVisualStudioVersion = 10.0.40219.1
Project("{FAE04EC0-301F-11D3-BF4B-00C04F79EFBC}") = "ImapProject", "ImapProject\ImapProject.csproj", "{1F58EA5D-E3E0-4D2B-8056-78CD86C9495E}"
EndProject
Project("{FAE04EC0-301F-11D3-BF4B-00C04F79EFBC}") = "ImapProject.Tests", "ImapProject.Tests\ImapProject.Tests.csproj", "{EEA6059B-522E-45B0-8EFA-6B1130B73690}"
EndProject
Global
	GlobalSection(SolutionConfigurationPlatforms) = preSolution
		Debug|Any CPU = Debug|Any CPU
		Release|Any CPU = Release|Any CPU
	EndGlobalSection
	GlobalSection(ProjectConfigurationPlatforms) = postSolution
		{1F58EA5D-E3E0-4D2B-8056-78CD86C9495E}.Debug|Any CPU.ActiveCfg = Debug|Any CPU
		{1F58EA5D-E3E0-4D2B-8056-78CD86C9495E}.Debug|Any CPU.Build.0 = Debug|Any CPU
		{1F58EA5D-E3E0-4D2B-8056-78CD86C9495E}.Release|Any CPU.ActiveCfg = Release|Any CPU
		{1F58EA5D-E3E0-4D2B-8056-78CD86C9495E}.Release|Any CPU.Build.0 = Release|Any CPU
		{EEA6059B-522E-45B0-8EFA-6B1130B73690}.Debug|Any CPU.ActiveCfg = Debug|Any CPU
		{EEA6059B-522E-45B0-8EFA-6B1130B73690}.Debug|Any CPU.Build.0 = Debug|Any CPU
		{EEA6059B-522E-45B0-8EFA-6B1130B73690}.Release|Any CPU.ActiveCfg = Release|Any CPU
		{EEA6059B-522E-45B0-8EFA-6B1130B73690}.Release|Any CPU.Build.0 = Release|Any CPU
	EndGlobalSection
	GlobalSection(SolutionProperties) = preSolution
		HideSolutionNode = FALSE
	EndGlobalSection
	GlobalSection(ExtensibilityGlobals) = postSolution
		SolutionGuid = {BDDCD59E-1010-4293-83FE-CA8C4960CC4E}
	EndGlobalSection
EndGlobal
